
Microsoft Visual Studio Solution File, Format Version 12.00
# Visual Studio Version 16
VisualStudioVersion = 25.0.1703.5
MinimumVisualStudioVersion = 10.0.40219.1
Project("{FAE04EC0-301F-11D3-BF4B-00C04F79EFBC}") = "ProductCrudDb", "ProductCrudDb.csproj", "{39ED101A-959B-4687-A66C-D6A4D63FF3A3}"
EndProject
Global
	GlobalSection(SolutionConfigurationPlatforms) = preSolution
		Debug|Any CPU = Debug|Any CPU
		Release|Any CPU = Release|Any CPU
	EndGlobalSection
	GlobalSection(ProjectConfigurationPlatforms) = postSolution
		{39ED101A-959B-4687-A66C-D6A4D63FF3A3}.Debug|Any CPU.ActiveCfg = Debug|Any CPU
		{39ED101A-959B-4687-A66C-D6A4D63FF3A3}.Debug|Any CPU.Build.0 = Debug|Any CPU
		{39ED101A-959B-4687-A66C-D6A4D63FF3A3}.Release|Any CPU.ActiveCfg = Release|Any CPU
		{39ED101A-959B-4687-A66C-D6A4D63FF3A3}.Release|Any CPU.Build.0 = Release|Any CPU
	EndGlobalSection
	GlobalSection(SolutionProperties) = preSolution
		HideSolutionNode = FALSE
	EndGlobalSection
	GlobalSection(ExtensibilityGlobals) = postSolution
		SolutionGuid = {3E6E98D4-C32A-453A-A284-8E7BEEA2979C}
	EndGlobalSection
EndGlobal
