
Microsoft Visual Studio Solution File, Format Version 12.00
# Visual Studio Version 17
VisualStudioVersion = 17.5.002.0
MinimumVisualStudioVersion = 10.0.40219.1
Project("{9A19103F-16F7-4668-BE54-9A1E7A4F7556}") = "OOPSDemo", "OOPSDemo.csproj", "{FD37838D-FCD7-4942-98A4-2434E6FD81CD}"
EndProject
Global
	GlobalSection(SolutionConfigurationPlatforms) = preSolution
		Debug|Any CPU = Debug|Any CPU
		Release|Any CPU = Release|Any CPU
	EndGlobalSection
	GlobalSection(ProjectConfigurationPlatforms) = postSolution
		{FD37838D-FCD7-4942-98A4-2434E6FD81CD}.Debug|Any CPU.ActiveCfg = Debug|Any CPU
		{FD37838D-FCD7-4942-98A4-2434E6FD81CD}.Debug|Any CPU.Build.0 = Debug|Any CPU
		{FD37838D-FCD7-4942-98A4-2434E6FD81CD}.Release|Any CPU.ActiveCfg = Release|Any CPU
		{FD37838D-FCD7-4942-98A4-2434E6FD81CD}.Release|Any CPU.Build.0 = Release|Any CPU
	EndGlobalSection
	GlobalSection(SolutionProperties) = preSolution
		HideSolutionNode = FALSE
	EndGlobalSection
	GlobalSection(ExtensibilityGlobals) = postSolution
		SolutionGuid = {C350BDAC-EA01-48AF-9E97-AA8D819C1B4C}
	EndGlobalSection
EndGlobal
