
Microsoft Visual Studio Solution File, Format Version 12.00
# Visual Studio Version 16
VisualStudioVersion = 25.0.1703.5
MinimumVisualStudioVersion = 10.0.40219.1
Project("{FAE04EC0-301F-11D3-BF4B-00C04F79EFBC}") = "ProductCrudDb", "ProductCrudDb.csproj", "{7DE43254-6E25-4144-918A-AC1D877DD9A1}"
EndProject
Global
	GlobalSection(SolutionConfigurationPlatforms) = preSolution
		Debug|Any CPU = Debug|Any CPU
		Release|Any CPU = Release|Any CPU
	EndGlobalSection
	GlobalSection(ProjectConfigurationPlatforms) = postSolution
		{7DE43254-6E25-4144-918A-AC1D877DD9A1}.Debug|Any CPU.ActiveCfg = Debug|Any CPU
		{7DE43254-6E25-4144-918A-AC1D877DD9A1}.Debug|Any CPU.Build.0 = Debug|Any CPU
		{7DE43254-6E25-4144-918A-AC1D877DD9A1}.Release|Any CPU.ActiveCfg = Release|Any CPU
		{7DE43254-6E25-4144-918A-AC1D877DD9A1}.Release|Any CPU.Build.0 = Release|Any CPU
	EndGlobalSection
	GlobalSection(SolutionProperties) = preSolution
		HideSolutionNode = FALSE
	EndGlobalSection
	GlobalSection(ExtensibilityGlobals) = postSolution
		SolutionGuid = {3358A4D2-03FE-4F15-B743-3C180C6FE667}
	EndGlobalSection
EndGlobal
